
Microsoft Visual Studio Solution File, Format Version 12.00
# Visual Studio Version 16
VisualStudioVersion = 16.0.29306.81
MinimumVisualStudioVersion = 10.0.40219.1
Project("{8BC9CEB8-8B4A-11D0-8D11-00A0C91BC942}") = "GameL", "GameL\GameL.vcxproj", "{68B9C23A-B132-4B59-A3B7-062F6BACCAFB}"
EndProject
Global
	GlobalSection(SolutionConfigurationPlatforms) = preSolution
		Debug|x64 = Debug|x64
		Debug|x86 = Debug|x86
		Release|x64 = Release|x64
		Release|x86 = Release|x86
	EndGlobalSection
	GlobalSection(ProjectConfigurationPlatforms) = postSolution
		{68B9C23A-B132-4B59-A3B7-062F6BACCAFB}.Debug|x64.ActiveCfg = Debug|x64
		{68B9C23A-B132-4B59-A3B7-062F6BACCAFB}.Debug|x64.Build.0 = Debug|x64
		{68B9C23A-B132-4B59-A3B7-062F6BACCAFB}.Debug|x86.ActiveCfg = Debug|Win32
		{68B9C23A-B132-4B59-A3B7-062F6BACCAFB}.Debug|x86.Build.0 = Debug|Win32
		{68B9C23A-B132-4B59-A3B7-062F6BACCAFB}.Release|x64.ActiveCfg = Release|x64
		{68B9C23A-B132-4B59-A3B7-062F6BACCAFB}.Release|x64.Build.0 = Release|x64
		{68B9C23A-B132-4B59-A3B7-062F6BACCAFB}.Release|x86.ActiveCfg = Release|Win32
		{68B9C23A-B132-4B59-A3B7-062F6BACCAFB}.Release|x86.Build.0 = Release|Win32
	EndGlobalSection
	GlobalSection(SolutionProperties) = preSolution
		HideSolutionNode = FALSE
	EndGlobalSection
	GlobalSection(ExtensibilityGlobals) = postSolution
		SolutionGuid = {5E8FA347-18C1-423C-8941-8BD9D67F529F}
	EndGlobalSection
EndGlobal
